{
  "pins" : [
    {
      "identity" : "bank-api-library-ios",
      "kind" : "remoteSourceControl",
      "location" : "https://github.com/gini/bank-api-library-ios.git",
      "state" : {
        "revision" : "aa7fd4d3b3d3a37db4cc77a96a263b4c6c1215a8",
        "version" : "1.1.1"
      }
    },
    {
      "identity" : "bank-api-library-pinning-ios",
      "kind" : "remoteSourceControl",
      "location" : "https://github.com/gini/bank-api-library-pinning-ios.git",
      "state" : {
        "revision" : "923aa785c6623c31574125262fd329d1a0954b01",
        "version" : "1.1.1"
      }
    },
    {
      "identity" : "bank-sdk-ios",
      "kind" : "remoteSourceControl",
      "location" : "https://github.com/gini/bank-sdk-ios.git",
      "state" : {
        "revision" : "0378593f6a7cd583c2c338d2f7ea83bd8c95abf9",
        "version" : "1.4.0"
      }
    },
    {
      "identity" : "bank-sdk-pinning-ios",
      "kind" : "remoteSourceControl",
      "location" : "https://github.com/gini/bank-sdk-pinning-ios",
      "state" : {
        "revision" : "48b499b1a53686f1380a4b781fb2ee8ee074d43f",
        "version" : "1.4.0"
      }
    },
    {
      "identity" : "capture-sdk-ios",
      "kind" : "remoteSourceControl",
      "location" : "https://github.com/gini/capture-sdk-ios.git",
      "state" : {
        "revision" : "d59fc67e7c3598e348b2fc70827d3a49bbd6e680",
        "version" : "1.4.0"
      }
    },
    {
      "identity" : "capture-sdk-pinning-ios",
      "kind" : "remoteSourceControl",
      "location" : "https://github.com/gini/capture-sdk-pinning-ios.git",
      "state" : {
        "revision" : "164ba412925ed877c92ef5ff6ed2f0495c7376f9",
        "version" : "1.4.0"
      }
    },
    {
      "identity" : "trustkit",
      "kind" : "remoteSourceControl",
      "location" : "https://github.com/datatheorem/TrustKit.git",
      "state" : {
        "revision" : "3e98aeb36aff65067cdae55bca7be7f1157deffb",
        "version" : "2.0.0"
      }
    }
  ],
  "version" : 2
}
