{
  "pins" : [
    {
      "identity" : "bank-api-library-ios",
      "kind" : "remoteSourceControl",
      "location" : "https://github.com/gini/bank-api-library-ios.git",
      "state" : {
        "revision" : "aa7fd4d3b3d3a37db4cc77a96a263b4c6c1215a8",
        "version" : "1.1.1"
      }
    },
    {
      "identity" : "bank-api-library-pinning-ios",
      "kind" : "remoteSourceControl",
      "location" : "https://github.com/gini/bank-api-library-pinning-ios.git",
      "state" : {
        "revision" : "923aa785c6623c31574125262fd329d1a0954b01",
        "version" : "1.1.1"
      }
    },
    {
      "identity" : "bank-sdk-ios",
      "kind" : "remoteSourceControl",
      "location" : "https://github.com/gini/bank-sdk-ios.git",
      "state" : {
        "revision" : "9f47f9264ff457c0066cd572279228f6581556c9",
        "version" : "1.5.0"
      }
    },
    {
      "identity" : "bank-sdk-pinning-ios",
      "kind" : "remoteSourceControl",
      "location" : "https://github.com/gini/bank-sdk-pinning-ios",
      "state" : {
        "revision" : "002c19532ebd455617076c5de5cd6e7a2524de2f",
        "version" : "1.5.0"
      }
    },
    {
      "identity" : "capture-sdk-ios",
      "kind" : "remoteSourceControl",
      "location" : "https://github.com/gini/capture-sdk-ios.git",
      "state" : {
        "revision" : "977a7a6679edce1a5d9f0516bb42d8ff42e56656",
        "version" : "1.5.0"
      }
    },
    {
      "identity" : "capture-sdk-pinning-ios",
      "kind" : "remoteSourceControl",
      "location" : "https://github.com/gini/capture-sdk-pinning-ios.git",
      "state" : {
        "revision" : "3025bff30d0fa54beb72c69015231eb4eaedd77b",
        "version" : "1.5.0"
      }
    },
    {
      "identity" : "trustkit",
      "kind" : "remoteSourceControl",
      "location" : "https://github.com/datatheorem/TrustKit.git",
      "state" : {
        "revision" : "3e98aeb36aff65067cdae55bca7be7f1157deffb",
        "version" : "2.0.0"
      }
    }
  ],
  "version" : 2
}
