{
  "pins" : [
    {
      "identity" : "bank-api-library-ios",
      "kind" : "remoteSourceControl",
      "location" : "https://github.com/gini/bank-api-library-ios.git",
      "state" : {
        "revision" : "982451b0227b275c9f4a9b5a192e21c3259e477e",
        "version" : "1.3.0"
      }
    },
    {
      "identity" : "bank-api-library-pinning-ios",
      "kind" : "remoteSourceControl",
      "location" : "https://github.com/gini/bank-api-library-pinning-ios.git",
      "state" : {
        "revision" : "9ad10ded75d31c6b23e4ab8049b5808e4930e8be",
        "version" : "1.3.0"
      }
    },
    {
      "identity" : "bank-sdk-ios",
      "kind" : "remoteSourceControl",
      "location" : "https://github.com/gini/bank-sdk-ios.git",
      "state" : {
        "revision" : "3d79c63a820492de9a0c0763616a469b2eb44fd6",
        "version" : "1.11.2"
      }
    },
    {
      "identity" : "bank-sdk-pinning-ios",
      "kind" : "remoteSourceControl",
      "location" : "https://github.com/gini/bank-sdk-pinning-ios",
      "state" : {
        "revision" : "b050e9b6cf704696def8c601f6b69c3f34ba2b6a",
        "version" : "1.11.2"
      }
    },
    {
      "identity" : "capture-sdk-ios",
      "kind" : "remoteSourceControl",
      "location" : "https://github.com/gini/capture-sdk-ios.git",
      "state" : {
        "revision" : "0cf45399e202cd6016fd4fb06c611522e686b19f",
        "version" : "1.9.1"
      }
    },
    {
      "identity" : "capture-sdk-pinning-ios",
      "kind" : "remoteSourceControl",
      "location" : "https://github.com/gini/capture-sdk-pinning-ios.git",
      "state" : {
        "revision" : "2c67f2d125dfa0d6d092fedadc38adedaa05f589",
        "version" : "1.9.1"
      }
    },
    {
      "identity" : "trustkit",
      "kind" : "remoteSourceControl",
      "location" : "https://github.com/datatheorem/TrustKit.git",
      "state" : {
        "revision" : "3e98aeb36aff65067cdae55bca7be7f1157deffb",
        "version" : "2.0.0"
      }
    }
  ],
  "version" : 2
}
